PODS:
  - app_links (1.0.0):
    - FlutterMacOS
  - appflowy_backend (0.0.1):
    - FlutterMacOS
  - bitsdojo_window_macos (0.0.1):
    - FlutterMacOS
  - connectivity_plus (0.0.1):
    - FlutterMacOS
    - ReachabilitySwift
  - desktop_drop (0.0.1):
    - FlutterMacOS
  - device_info_plus (0.0.1):
    - FlutterMacOS
  - file_selector_macos (0.0.1):
    - FlutterMacOS
  - flowy_infra_ui (0.0.1):
    - FlutterMacOS
  - FlutterMacOS (1.0.0)
  - HotKey (0.2.0)
  - hotkey_manager (0.0.1):
    - FlutterMacOS
    - HotKey
  - irondash_engine_context (0.0.1):
    - FlutterMacOS
  - local_notifier (0.1.0):
    - FlutterMacOS
  - open_file_mac (0.0.1):
    - FlutterMacOS
  - package_info_plus (0.0.1):
    - FlutterMacOS
  - path_provider_foundation (0.0.1):
    - Flutter
    - FlutterMacOS
  - ReachabilitySwift (5.2.3)
  - screen_retriever (0.0.1):
    - FlutterMacOS
  - Sentry/HybridSDK (8.35.1)
  - sentry_flutter (8.8.0):
    - Flutter
    - FlutterMacOS
    - Sentry/HybridSDK (= 8.35.1)
  - share_plus (0.0.1):
    - FlutterMacOS
  - shared_preferences_foundation (0.0.1):
    - Flutter
    - FlutterMacOS
  - sqflite (0.0.3):
    - Flutter
    - FlutterMacOS
  - super_native_extensions (0.0.1):
    - FlutterMacOS
  - url_launcher_macos (0.0.1):
    - FlutterMacOS
  - window_manager (0.2.0):
    - FlutterMacOS

DEPENDENCIES:
  - app_links (from `Flutter/ephemeral/.symlinks/plugins/app_links/macos`)
  - appflowy_backend (from `Flutter/ephemeral/.symlinks/plugins/appflowy_backend/macos`)
  - bitsdojo_window_macos (from `Flutter/ephemeral/.symlinks/plugins/bitsdojo_window_macos/macos`)
  - connectivity_plus (from `Flutter/ephemeral/.symlinks/plugins/connectivity_plus/macos`)
  - desktop_drop (from `Flutter/ephemeral/.symlinks/plugins/desktop_drop/macos`)
  - device_info_plus (from `Flutter/ephemeral/.symlinks/plugins/device_info_plus/macos`)
  - file_selector_macos (from `Flutter/ephemeral/.symlinks/plugins/file_selector_macos/macos`)
  - flowy_infra_ui (from `Flutter/ephemeral/.symlinks/plugins/flowy_infra_ui/macos`)
  - FlutterMacOS (from `Flutter/ephemeral`)
  - hotkey_manager (from `Flutter/ephemeral/.symlinks/plugins/hotkey_manager/macos`)
  - irondash_engine_context (from `Flutter/ephemeral/.symlinks/plugins/irondash_engine_context/macos`)
  - local_notifier (from `Flutter/ephemeral/.symlinks/plugins/local_notifier/macos`)
  - open_file_mac (from `Flutter/ephemeral/.symlinks/plugins/open_file_mac/macos`)
  - package_info_plus (from `Flutter/ephemeral/.symlinks/plugins/package_info_plus/macos`)
  - path_provider_foundation (from `Flutter/ephemeral/.symlinks/plugins/path_provider_foundation/darwin`)
  - screen_retriever (from `Flutter/ephemeral/.symlinks/plugins/screen_retriever/macos`)
  - sentry_flutter (from `Flutter/ephemeral/.symlinks/plugins/sentry_flutter/macos`)
  - share_plus (from `Flutter/ephemeral/.symlinks/plugins/share_plus/macos`)
  - shared_preferences_foundation (from `Flutter/ephemeral/.symlinks/plugins/shared_preferences_foundation/darwin`)
  - sqflite (from `Flutter/ephemeral/.symlinks/plugins/sqflite/darwin`)
  - super_native_extensions (from `Flutter/ephemeral/.symlinks/plugins/super_native_extensions/macos`)
  - url_launcher_macos (from `Flutter/ephemeral/.symlinks/plugins/url_launcher_macos/macos`)
  - window_manager (from `Flutter/ephemeral/.symlinks/plugins/window_manager/macos`)

SPEC REPOS:
  trunk:
    - HotKey
    - ReachabilitySwift
    - Sentry

EXTERNAL SOURCES:
  app_links:
    :path: Flutter/ephemeral/.symlinks/plugins/app_links/macos
  appflowy_backend:
    :path: Flutter/ephemeral/.symlinks/plugins/appflowy_backend/macos
  bitsdojo_window_macos:
    :path: Flutter/ephemeral/.symlinks/plugins/bitsdojo_window_macos/macos
  connectivity_plus:
    :path: Flutter/ephemeral/.symlinks/plugins/connectivity_plus/macos
  desktop_drop:
    :path: Flutter/ephemeral/.symlinks/plugins/desktop_drop/macos
  device_info_plus:
    :path: Flutter/ephemeral/.symlinks/plugins/device_info_plus/macos
  file_selector_macos:
    :path: Flutter/ephemeral/.symlinks/plugins/file_selector_macos/macos
  flowy_infra_ui:
    :path: Flutter/ephemeral/.symlinks/plugins/flowy_infra_ui/macos
  FlutterMacOS:
    :path: Flutter/ephemeral
  hotkey_manager:
    :path: Flutter/ephemeral/.symlinks/plugins/hotkey_manager/macos
  irondash_engine_context:
    :path: Flutter/ephemeral/.symlinks/plugins/irondash_engine_context/macos
  local_notifier:
    :path: Flutter/ephemeral/.symlinks/plugins/local_notifier/macos
  open_file_mac:
    :path: Flutter/ephemeral/.symlinks/plugins/open_file_mac/macos
  package_info_plus:
    :path: Flutter/ephemeral/.symlinks/plugins/package_info_plus/macos
  path_provider_foundation:
    :path: Flutter/ephemeral/.symlinks/plugins/path_provider_foundation/darwin
  screen_retriever:
    :path: Flutter/ephemeral/.symlinks/plugins/screen_retriever/macos
  sentry_flutter:
    :path: Flutter/ephemeral/.symlinks/plugins/sentry_flutter/macos
  share_plus:
    :path: Flutter/ephemeral/.symlinks/plugins/share_plus/macos
  shared_preferences_foundation:
    :path: Flutter/ephemeral/.symlinks/plugins/shared_preferences_foundation/darwin
  sqflite:
    :path: Flutter/ephemeral/.symlinks/plugins/sqflite/darwin
  super_native_extensions:
    :path: Flutter/ephemeral/.symlinks/plugins/super_native_extensions/macos
  url_launcher_macos:
    :path: Flutter/ephemeral/.symlinks/plugins/url_launcher_macos/macos
  window_manager:
    :path: Flutter/ephemeral/.symlinks/plugins/window_manager/macos

SPEC CHECKSUMS:
  app_links: 10e0a0ab602ffaf34d142cd4862f29d34b303b2a
  appflowy_backend: 865496343de667fc8c600e04b9fd05234e130cf9
  bitsdojo_window_macos: 44e3b8fe3dd463820e0321f6256c5b1c16bb6a00
  connectivity_plus: 18d3c32514c886e046de60e9c13895109866c747
  desktop_drop: 69eeff437544aa619c8db7f4481b3a65f7696898
  device_info_plus: ce1b7762849d3ec103d0e0517299f2db7ad60720
  file_selector_macos: 54fdab7caa3ac3fc43c9fac4d7d8d231277f8cf2
  flowy_infra_ui: 03301a39ad118771adbf051a664265c61c507f38
  FlutterMacOS: 8f6f14fa908a6fb3fba0cd85dbd81ec4b251fb24
  HotKey: e96d8a2ddbf4591131e2bb3f54e69554d90cdca6
  hotkey_manager: c32bf0bfe8f934b7bc17ab4ad5c4c142960b023c
  irondash_engine_context: da62996ee25616d2f01bbeb85dc115d813359478
  local_notifier: e9506bc66fc70311e8bc7291fb70f743c081e4ff
  open_file_mac: 0e554648e2a87ce59e9438e3e5ca3e552e90d89a
  package_info_plus: fa739dd842b393193c5ca93c26798dff6e3d0e0c
  path_provider_foundation: 2b6b4c569c0fb62ec74538f866245ac84301af46
  ReachabilitySwift: 7f151ff156cea1481a8411701195ac6a984f4979
  screen_retriever: 59634572a57080243dd1bf715e55b6c54f241a38
  Sentry: 1fe34e9c2cbba1e347623610d26db121dcb569f1
  sentry_flutter: a39c2a2d67d5e5b9cb0b94a4985c76dd5b3fc737
  share_plus: 36537c04ce0c3e3f5bd297ce4318b6d5ee5fd6cf
  shared_preferences_foundation: fcdcbc04712aee1108ac7fda236f363274528f78
  sqflite: 673a0e54cc04b7d6dba8d24fb8095b31c3a99eec
  super_native_extensions: 85efee3a7495b46b04befcfc86ed12069264ebf3
  url_launcher_macos: 5f437abeda8c85500ceb03f5c1938a8c5a705399
  window_manager: 3a1844359a6295ab1e47659b1a777e36773cd6e8

PODFILE CHECKSUM: 0532f3f001ca3110b8be345d6491fff690e95823

COCOAPODS: 1.15.2
