# Generated by pub
# See https://dart.dev/tools/pub/glossary#lockfile
packages:
  async:
    dependency: transitive
    description:
      name: async
      url: "https://pub.dartlang.org"
    source: hosted
    version: "2.8.2"
  boolean_selector:
    dependency: transitive
    description:
      name: boolean_selector
      url: "https://pub.dartlang.org"
    source: hosted
    version: "2.1.0"
  characters:
    dependency: transitive
    description:
      name: characters
      url: "https://pub.dartlang.org"
    source: hosted
    version: "1.2.0"
  charcode:
    dependency: transitive
    description:
      name: charcode
      url: "https://pub.dartlang.org"
    source: hosted
    version: "1.3.1"
  clock:
    dependency: transitive
    description:
      name: clock
      url: "https://pub.dartlang.org"
    source: hosted
    version: "1.1.0"
  collection:
    dependency: transitive
    description:
      name: collection
      url: "https://pub.dartlang.org"
    source: hosted
    version: "1.16.0"
  csslib:
    dependency: transitive
    description:
      name: csslib
      url: "https://pub.dartlang.org"
    source: hosted
    version: "0.17.2"
  cupertino_icons:
    dependency: "direct main"
    description:
      name: cupertino_icons
      url: "https://pub.dartlang.org"
    source: hosted
    version: "1.0.5"
  fake_async:
    dependency: transitive
    description:
      name: fake_async
      url: "https://pub.dartlang.org"
    source: hosted
    version: "1.3.0"
  ffi:
    dependency: transitive
    description:
      name: ffi
      url: "https://pub.dartlang.org"
    source: hosted
    version: "1.2.1"
  flowy_editor:
    dependency: "direct main"
    description:
      path: ".."
      relative: true
    source: path
    version: "0.0.1"
  flutter:
    dependency: "direct main"
    description: flutter
    source: sdk
    version: "0.0.0"
  flutter_inappwebview:
    dependency: "direct main"
    description:
      name: flutter_inappwebview
      url: "https://pub.dartlang.org"
    source: hosted
    version: "5.4.3+7"
  flutter_lints:
    dependency: "direct dev"
    description:
      name: flutter_lints
      url: "https://pub.dartlang.org"
    source: hosted
    version: "2.0.1"
  flutter_svg:
    dependency: transitive
    description:
      name: flutter_svg
      url: "https://pub.dartlang.org"
    source: hosted
    version: "1.1.1+1"
  flutter_test:
    dependency: "direct dev"
    description: flutter
    source: sdk
    version: "0.0.0"
  flutter_web_plugins:
    dependency: transitive
    description: flutter
    source: sdk
    version: "0.0.0"
  html:
    dependency: transitive
    description:
      name: html
      url: "https://pub.dartlang.org"
    source: hosted
    version: "0.15.0"
  js:
    dependency: transitive
    description:
      name: js
      url: "https://pub.dartlang.org"
    source: hosted
    version: "0.6.4"
  lints:
    dependency: transitive
    description:
      name: lints
      url: "https://pub.dartlang.org"
    source: hosted
    version: "2.0.0"
  matcher:
    dependency: transitive
    description:
      name: matcher
      url: "https://pub.dartlang.org"
    source: hosted
    version: "0.12.11"
  material_color_utilities:
    dependency: transitive
    description:
      name: material_color_utilities
      url: "https://pub.dartlang.org"
    source: hosted
    version: "0.1.4"
  meta:
    dependency: transitive
    description:
      name: meta
      url: "https://pub.dartlang.org"
    source: hosted
    version: "1.7.0"
  nested:
    dependency: transitive
    description:
      name: nested
      url: "https://pub.dartlang.org"
    source: hosted
    version: "1.0.0"
  path:
    dependency: transitive
    description:
      name: path
      url: "https://pub.dartlang.org"
    source: hosted
    version: "1.8.1"
  path_drawing:
    dependency: transitive
    description:
      name: path_drawing
      url: "https://pub.dartlang.org"
    source: hosted
    version: "1.0.0"
  path_parsing:
    dependency: transitive
    description:
      name: path_parsing
      url: "https://pub.dartlang.org"
    source: hosted
    version: "1.0.0"
  petitparser:
    dependency: transitive
    description:
      name: petitparser
      url: "https://pub.dartlang.org"
    source: hosted
    version: "5.0.0"
  plugin_platform_interface:
    dependency: transitive
    description:
      name: plugin_platform_interface
      url: "https://pub.dartlang.org"
    source: hosted
    version: "2.1.2"
  provider:
    dependency: "direct main"
    description:
      name: provider
      url: "https://pub.dartlang.org"
    source: hosted
    version: "6.0.3"
  rich_clipboard:
    dependency: transitive
    description:
      name: rich_clipboard
      url: "https://pub.dartlang.org"
    source: hosted
    version: "1.0.0"
  rich_clipboard_android:
    dependency: transitive
    description:
      name: rich_clipboard_android
      url: "https://pub.dartlang.org"
    source: hosted
    version: "1.0.0"
  rich_clipboard_ios:
    dependency: transitive
    description:
      name: rich_clipboard_ios
      url: "https://pub.dartlang.org"
    source: hosted
    version: "1.0.0"
  rich_clipboard_linux:
    dependency: transitive
    description:
      name: rich_clipboard_linux
      url: "https://pub.dartlang.org"
    source: hosted
    version: "1.0.0"
  rich_clipboard_macos:
    dependency: transitive
    description:
      name: rich_clipboard_macos
      url: "https://pub.dartlang.org"
    source: hosted
    version: "1.0.1"
  rich_clipboard_platform_interface:
    dependency: transitive
    description:
      name: rich_clipboard_platform_interface
      url: "https://pub.dartlang.org"
    source: hosted
    version: "1.0.0"
  rich_clipboard_web:
    dependency: transitive
    description:
      name: rich_clipboard_web
      url: "https://pub.dartlang.org"
    source: hosted
    version: "1.0.0"
  rich_clipboard_windows:
    dependency: transitive
    description:
      name: rich_clipboard_windows
      url: "https://pub.dartlang.org"
    source: hosted
    version: "1.0.0"
  sky_engine:
    dependency: transitive
    description: flutter
    source: sdk
    version: "0.0.99"
  source_span:
    dependency: transitive
    description:
      name: source_span
      url: "https://pub.dartlang.org"
    source: hosted
    version: "1.8.2"
  stack_trace:
    dependency: transitive
    description:
      name: stack_trace
      url: "https://pub.dartlang.org"
    source: hosted
    version: "1.10.0"
  stream_channel:
    dependency: transitive
    description:
      name: stream_channel
      url: "https://pub.dartlang.org"
    source: hosted
    version: "2.1.0"
  string_scanner:
    dependency: transitive
    description:
      name: string_scanner
      url: "https://pub.dartlang.org"
    source: hosted
    version: "1.1.0"
  term_glyph:
    dependency: transitive
    description:
      name: term_glyph
      url: "https://pub.dartlang.org"
    source: hosted
    version: "1.2.0"
  test_api:
    dependency: transitive
    description:
      name: test_api
      url: "https://pub.dartlang.org"
    source: hosted
    version: "0.4.9"
  url_launcher:
    dependency: "direct main"
    description:
      name: url_launcher
      url: "https://pub.dartlang.org"
    source: hosted
    version: "6.1.5"
  url_launcher_android:
    dependency: transitive
    description:
      name: url_launcher_android
      url: "https://pub.dartlang.org"
    source: hosted
    version: "6.0.17"
  url_launcher_ios:
    dependency: transitive
    description:
      name: url_launcher_ios
      url: "https://pub.dartlang.org"
    source: hosted
    version: "6.0.17"
  url_launcher_linux:
    dependency: transitive
    description:
      name: url_launcher_linux
      url: "https://pub.dartlang.org"
    source: hosted
    version: "3.0.1"
  url_launcher_macos:
    dependency: transitive
    description:
      name: url_launcher_macos
      url: "https://pub.dartlang.org"
    source: hosted
    version: "3.0.1"
  url_launcher_platform_interface:
    dependency: transitive
    description:
      name: url_launcher_platform_interface
      url: "https://pub.dartlang.org"
    source: hosted
    version: "2.1.0"
  url_launcher_web:
    dependency: transitive
    description:
      name: url_launcher_web
      url: "https://pub.dartlang.org"
    source: hosted
    version: "2.0.12"
  url_launcher_windows:
    dependency: transitive
    description:
      name: url_launcher_windows
      url: "https://pub.dartlang.org"
    source: hosted
    version: "3.0.1"
  vector_math:
    dependency: transitive
    description:
      name: vector_math
      url: "https://pub.dartlang.org"
    source: hosted
    version: "2.1.2"
  win32:
    dependency: transitive
    description:
      name: win32
      url: "https://pub.dartlang.org"
    source: hosted
    version: "2.6.1"
  xml:
    dependency: transitive
    description:
      name: xml
      url: "https://pub.dartlang.org"
    source: hosted
    version: "6.1.0"
sdks:
  dart: ">=2.17.0 <3.0.0"
  flutter: ">=3.0.0"
