PODS:
  - flowy_editor (0.0.1):
    - FlutterMacOS
  - flowy_infra_ui (0.0.1):
    - FlutterMacOS
  - flowy_sdk (0.0.1):
    - FlutterMacOS
  - FlutterMacOS (1.0.0)
  - FMDB (2.7.5):
    - FMDB/standard (= 2.7.5)
  - FMDB/standard (2.7.5)
  - package_info_plus_macos (0.0.1):
    - FlutterMacOS
  - path_provider_macos (0.0.1):
    - FlutterMacOS
  - sqflite (0.0.2):
    - FlutterMacOS
    - FMDB (>= 2.7.5)
  - url_launcher_macos (0.0.1):
    - FlutterMacOS
  - window_size (0.0.2):
    - FlutterMacOS

DEPENDENCIES:
  - flowy_editor (from `Flutter/ephemeral/.symlinks/plugins/flowy_editor/macos`)
  - flowy_infra_ui (from `Flutter/ephemeral/.symlinks/plugins/flowy_infra_ui/macos`)
  - flowy_sdk (from `Flutter/ephemeral/.symlinks/plugins/flowy_sdk/macos`)
  - FlutterMacOS (from `Flutter/ephemeral`)
  - package_info_plus_macos (from `Flutter/ephemeral/.symlinks/plugins/package_info_plus_macos/macos`)
  - path_provider_macos (from `Flutter/ephemeral/.symlinks/plugins/path_provider_macos/macos`)
  - sqflite (from `Flutter/ephemeral/.symlinks/plugins/sqflite/macos`)
  - url_launcher_macos (from `Flutter/ephemeral/.symlinks/plugins/url_launcher_macos/macos`)
  - window_size (from `Flutter/ephemeral/.symlinks/plugins/window_size/macos`)

SPEC REPOS:
  trunk:
    - FMDB

EXTERNAL SOURCES:
  flowy_editor:
    :path: Flutter/ephemeral/.symlinks/plugins/flowy_editor/macos
  flowy_infra_ui:
    :path: Flutter/ephemeral/.symlinks/plugins/flowy_infra_ui/macos
  flowy_sdk:
    :path: Flutter/ephemeral/.symlinks/plugins/flowy_sdk/macos
  FlutterMacOS:
    :path: Flutter/ephemeral
  package_info_plus_macos:
    :path: Flutter/ephemeral/.symlinks/plugins/package_info_plus_macos/macos
  path_provider_macos:
    :path: Flutter/ephemeral/.symlinks/plugins/path_provider_macos/macos
  sqflite:
    :path: Flutter/ephemeral/.symlinks/plugins/sqflite/macos
  url_launcher_macos:
    :path: Flutter/ephemeral/.symlinks/plugins/url_launcher_macos/macos
  window_size:
    :path: Flutter/ephemeral/.symlinks/plugins/window_size/macos

SPEC CHECKSUMS:
  flowy_editor: 26060a984848e6afac1f6a4455511f4114119d8d
  flowy_infra_ui: 9d5021b1610fe0476eb1191bf7cd41c4a4138d8f
  flowy_sdk: c302ac0a22dea596db0df8073b9637b2bf2ff6fd
  FlutterMacOS: 57701585bf7de1b3fc2bb61f6378d73bbdea8424
  FMDB: 2ce00b547f966261cd18927a3ddb07cb6f3db82a
  package_info_plus_macos: f010621b07802a241d96d01876d6705f15e77c1c
  path_provider_macos: 160cab0d5461f0c0e02995469a98f24bdb9a3f1f
  sqflite: a5789cceda41d54d23f31d6de539d65bb14100ea
  url_launcher_macos: 45af3d61de06997666568a7149c1be98b41c95d4
  window_size: 339dafa0b27a95a62a843042038fa6c3c48de195

PODFILE CHECKSUM: 6eac6b3292e5142cfc23bdeb71848a40ec51c14c

COCOAPODS: 1.10.1
