PODS:
  - flowy_editor (0.0.1):
    - Flutter
  - flowy_infra_ui (0.0.1):
    - Flutter
  - flowy_sdk (0.0.1):
    - Flutter
  - Flutter (1.0.0)
  - flutter_keyboard_visibility (0.0.1):
    - Flutter
  - path_provider (0.0.1):
    - Flutter
  - url_launcher (0.0.1):
    - Flutter

DEPENDENCIES:
  - flowy_editor (from `.symlinks/plugins/flowy_editor/ios`)
  - flowy_infra_ui (from `.symlinks/plugins/flowy_infra_ui/ios`)
  - flowy_sdk (from `.symlinks/plugins/flowy_sdk/ios`)
  - Flutter (from `Flutter`)
  - flutter_keyboard_visibility (from `.symlinks/plugins/flutter_keyboard_visibility/ios`)
  - path_provider (from `.symlinks/plugins/path_provider/ios`)
  - url_launcher (from `.symlinks/plugins/url_launcher/ios`)

EXTERNAL SOURCES:
  flowy_editor:
    :path: ".symlinks/plugins/flowy_editor/ios"
  flowy_infra_ui:
    :path: ".symlinks/plugins/flowy_infra_ui/ios"
  flowy_sdk:
    :path: ".symlinks/plugins/flowy_sdk/ios"
  Flutter:
    :path: Flutter
  flutter_keyboard_visibility:
    :path: ".symlinks/plugins/flutter_keyboard_visibility/ios"
  path_provider:
    :path: ".symlinks/plugins/path_provider/ios"
  url_launcher:
    :path: ".symlinks/plugins/url_launcher/ios"

SPEC CHECKSUMS:
  flowy_editor: bf8d58894ddb03453bd4d8521c57267ad638b837
  flowy_infra_ui: 146c88346fd55d2ee6a41ae35059a5bf095cfbb3
  flowy_sdk: c416222c639e678828776789bf0c1a1d0d59df3c
  Flutter: 50d75fe2f02b26cc09d224853bb45737f8b3214a
  flutter_keyboard_visibility: 0339d06371254c3eb25eeb90ba8d17dca8f9c069
  path_provider: abfe2b5c733d04e238b0d8691db0cfd63a27a93c
  url_launcher: 6fef411d543ceb26efce54b05a0a40bfd74cbbef

PODFILE CHECKSUM: aafe91acc616949ddb318b77800a7f51bffa2a4c

COCOAPODS: 1.10.1
